
Microsoft Visual Studio Solution File, Format Version 12.00
# Visual Studio Version 17
VisualStudioVersion = 17.7.34202.233
MinimumVisualStudioVersion = 10.0.40219.1
Project("{9A19103F-16F7-4668-BE54-9A1E7A4F7556}") = "SeleniumExamples", "SeleniumExamples\SeleniumExamples.csproj", "{CCE8BE59-C6B2-4CA4-A6C6-DD27E4C00A0F}"
EndProject
Project("{9A19103F-16F7-4668-BE54-9A1E7A4F7556}") = "SeleniumNUnitExamples", "SeleniumNUnitExamples\SeleniumNUnitExamples.csproj", "{401EAD8E-C168-45E7-8D7E-BC2AC5E1072E}"
EndProject
Project("{9A19103F-16F7-4668-BE54-9A1E7A4F7556}") = "Assignments", "Assignments\Assignments.csproj", "{E395CF48-2CCF-42E3-899B-DB23BFAC6ADB}"
EndProject
Project("{9A19103F-16F7-4668-BE54-9A1E7A4F7556}") = "NUnitAssignments", "NUnitAssignments\NUnitAssignments.csproj", "{82B32218-21A7-426A-A3BD-D9504AF16008}"
EndProject
Project("{9A19103F-16F7-4668-BE54-9A1E7A4F7556}") = "Rediff", "Rediff\Rediff.csproj", "{1605671D-3D62-4DCD-8BB4-2260D3EE7D6E}"
EndProject
Project("{FAE04EC0-301F-11D3-BF4B-00C04F79EFBC}") = "Naaptol", "Naaptol\Naaptol.csproj", "{F762E07C-1190-4EB9-977D-5D1C1AF6C3D0}"
EndProject
Global
	GlobalSection(SolutionConfigurationPlatforms) = preSolution
		Debug|Any CPU = Debug|Any CPU
		Release|Any CPU = Release|Any CPU
	EndGlobalSection
	GlobalSection(ProjectConfigurationPlatforms) = postSolution
		{CCE8BE59-C6B2-4CA4-A6C6-DD27E4C00A0F}.Debug|Any CPU.ActiveCfg = Debug|Any CPU
		{CCE8BE59-C6B2-4CA4-A6C6-DD27E4C00A0F}.Debug|Any CPU.Build.0 = Debug|Any CPU
		{CCE8BE59-C6B2-4CA4-A6C6-DD27E4C00A0F}.Release|Any CPU.ActiveCfg = Release|Any CPU
		{CCE8BE59-C6B2-4CA4-A6C6-DD27E4C00A0F}.Release|Any CPU.Build.0 = Release|Any CPU
		{401EAD8E-C168-45E7-8D7E-BC2AC5E1072E}.Debug|Any CPU.ActiveCfg = Debug|Any CPU
		{401EAD8E-C168-45E7-8D7E-BC2AC5E1072E}.Debug|Any CPU.Build.0 = Debug|Any CPU
		{401EAD8E-C168-45E7-8D7E-BC2AC5E1072E}.Release|Any CPU.ActiveCfg = Release|Any CPU
		{401EAD8E-C168-45E7-8D7E-BC2AC5E1072E}.Release|Any CPU.Build.0 = Release|Any CPU
		{E395CF48-2CCF-42E3-899B-DB23BFAC6ADB}.Debug|Any CPU.ActiveCfg = Debug|Any CPU
		{E395CF48-2CCF-42E3-899B-DB23BFAC6ADB}.Debug|Any CPU.Build.0 = Debug|Any CPU
		{E395CF48-2CCF-42E3-899B-DB23BFAC6ADB}.Release|Any CPU.ActiveCfg = Release|Any CPU
		{E395CF48-2CCF-42E3-899B-DB23BFAC6ADB}.Release|Any CPU.Build.0 = Release|Any CPU
		{82B32218-21A7-426A-A3BD-D9504AF16008}.Debug|Any CPU.ActiveCfg = Debug|Any CPU
		{82B32218-21A7-426A-A3BD-D9504AF16008}.Debug|Any CPU.Build.0 = Debug|Any CPU
		{82B32218-21A7-426A-A3BD-D9504AF16008}.Release|Any CPU.ActiveCfg = Release|Any CPU
		{82B32218-21A7-426A-A3BD-D9504AF16008}.Release|Any CPU.Build.0 = Release|Any CPU
		{1605671D-3D62-4DCD-8BB4-2260D3EE7D6E}.Debug|Any CPU.ActiveCfg = Debug|Any CPU
		{1605671D-3D62-4DCD-8BB4-2260D3EE7D6E}.Debug|Any CPU.Build.0 = Debug|Any CPU
		{1605671D-3D62-4DCD-8BB4-2260D3EE7D6E}.Release|Any CPU.ActiveCfg = Release|Any CPU
		{1605671D-3D62-4DCD-8BB4-2260D3EE7D6E}.Release|Any CPU.Build.0 = Release|Any CPU
		{F762E07C-1190-4EB9-977D-5D1C1AF6C3D0}.Debug|Any CPU.ActiveCfg = Debug|Any CPU
		{F762E07C-1190-4EB9-977D-5D1C1AF6C3D0}.Debug|Any CPU.Build.0 = Debug|Any CPU
		{F762E07C-1190-4EB9-977D-5D1C1AF6C3D0}.Release|Any CPU.ActiveCfg = Release|Any CPU
		{F762E07C-1190-4EB9-977D-5D1C1AF6C3D0}.Release|Any CPU.Build.0 = Release|Any CPU
	EndGlobalSection
	GlobalSection(SolutionProperties) = preSolution
		HideSolutionNode = FALSE
	EndGlobalSection
	GlobalSection(ExtensibilityGlobals) = postSolution
		SolutionGuid = {60C96142-0B8E-4D5B-8E02-E3719AA251C4}
	EndGlobalSection
EndGlobal
